// !$*UTF8*$!
{
	archiveVersion = 1;
	classes = {
	};
	objectVersion = 51;
	objects = {

/* Begin PBXBuildFile section */
		8A765046234E05A10011CAA4 /* AppDelegate.m in Sources */ = {isa = PBXBuildFile; fileRef = 8A765045234E05A10011CAA4 /* AppDelegate.m */; };
		8A765049234E05A10011CAA4 /* SceneDelegate.m in Sources */ = {isa = PBXBuildFile; fileRef = 8A765048234E05A10011CAA4 /* SceneDelegate.m */; };
		8A76504F234E05A10011CAA4 /* Main.storyboard in Resources */ = {isa = PBXBuildFile; fileRef = 8A76504D234E05A10011CAA4 /* Main.storyboard */; };
		8A765051234E05AC0011CAA4 /* Assets.xcassets in Resources */ = {isa = PBXBuildFile; fileRef = 8A765050234E05AC0011CAA4 /* Assets.xcassets */; };
		8A765054234E05AC0011CAA4 /* LaunchScreen.storyboard in Resources */ = {isa = PBXBuildFile; fileRef = 8A765052234E05AC0011CAA4 /* LaunchScreen.storyboard */; };
		8A765057234E05AC0011CAA4 /* main.m in Sources */ = {isa = PBXBuildFile; fileRef = 8A765056234E05AC0011CAA4 /* main.m */; };
		8A765070234E081E0011CAA4 /* CameraViewController.m in Sources */ = {isa = PBXBuildFile; fileRef = 8A76505E234E081D0011CAA4 /* CameraViewController.m */; };
		8A765071234E081E0011CAA4 /* ScaleSliderView.m in Sources */ = {isa = PBXBuildFile; fileRef = 8A765061234E081E0011CAA4 /* ScaleSliderView.m */; };
		8A765072234E081E0011CAA4 /* CameraControlsView.m in Sources */ = {isa = PBXBuildFile; fileRef = 8A765062234E081E0011CAA4 /* CameraControlsView.m */; };
		8A765076234E081E0011CAA4 /* ScaleSliderLayer.m in Sources */ = {isa = PBXBuildFile; fileRef = 8A765069234E081E0011CAA4 /* ScaleSliderLayer.m */; };
		8A765077234E081E0011CAA4 /* ScaleSliderControlView.m in Sources */ = {isa = PBXBuildFile; fileRef = 8A76506B234E081E0011CAA4 /* ScaleSliderControlView.m */; };
		8A765078234E081E0011CAA4 /* CameraView.m in Sources */ = {isa = PBXBuildFile; fileRef = 8A76506F234E081E0011CAA4 /* CameraView.m */; };
		8AFF40D6234E850700C3F94A /* ScaleSliderOverlayView.m in Sources */ = {isa = PBXBuildFile; fileRef = 8AFF40D2234E850700C3F94A /* ScaleSliderOverlayView.m */; };
		8AFF40D7234E850700C3F94A /* ScaleSliderOverlayLayer.m in Sources */ = {isa = PBXBuildFile; fileRef = 8AFF40D3234E850700C3F94A /* ScaleSliderOverlayLayer.m */; };
		B95FB2F42351510600337772 /* CameraPropertiesDispatcher.m in Sources */ = {isa = PBXBuildFile; fileRef = B95FB2F32351510600337772 /* CameraPropertiesDispatcher.m */; };
		B993FDF223511EFF00BD24A9 /* KeyValueObserver.m in Sources */ = {isa = PBXBuildFile; fileRef = B993FDF123511EFF00BD24A9 /* KeyValueObserver.m */; };
/* End PBXBuildFile section */

/* Begin PBXFileReference section */
		8A765041234E05A10011CAA4 /* ISOCameraLDE-B.app */ = {isa = PBXFileReference; explicitFileType = wrapper.application; includeInIndex = 0; path = "ISOCameraLDE-B.app"; sourceTree = BUILT_PRODUCTS_DIR; };
		8A765044234E05A10011CAA4 /* AppDelegate.h */ = {isa = PBXFileReference; lastKnownFileType = sourcecode.c.h; path = AppDelegate.h; sourceTree = "<group>"; };
		8A765045234E05A10011CAA4 /* AppDelegate.m */ = {isa = PBXFileReference; lastKnownFileType = sourcecode.c.objc; path = AppDelegate.m; sourceTree = "<group>"; };
		8A765047234E05A10011CAA4 /* SceneDelegate.h */ = {isa = PBXFileReference; lastKnownFileType = sourcecode.c.h; path = SceneDelegate.h; sourceTree = "<group>"; };
		8A765048234E05A10011CAA4 /* SceneDelegate.m */ = {isa = PBXFileReference; lastKnownFileType = sourcecode.c.objc; path = SceneDelegate.m; sourceTree = "<group>"; };
		8A76504E234E05A10011CAA4 /* Base */ = {isa = PBXFileReference; lastKnownFileType = file.storyboard; name = Base; path = Base.lproj/Main.storyboard; sourceTree = "<group>"; };
		8A765050234E05AC0011CAA4 /* Assets.xcassets */ = {isa = PBXFileReference; lastKnownFileType = folder.assetcatalog; path = Assets.xcassets; sourceTree = "<group>"; };
		8A765053234E05AC0011CAA4 /* Base */ = {isa = PBXFileReference; lastKnownFileType = file.storyboard; name = Base; path = Base.lproj/LaunchScreen.storyboard; sourceTree = "<group>"; };
		8A765055234E05AC0011CAA4 /* Info.plist */ = {isa = PBXFileReference; lastKnownFileType = text.plist.xml; path = Info.plist; sourceTree = "<group>"; };
		8A765056234E05AC0011CAA4 /* main.m */ = {isa = PBXFileReference; lastKnownFileType = sourcecode.c.objc; path = main.m; sourceTree = "<group>"; };
		8A76505D234E081D0011CAA4 /* CameraView.h */ = {isa = PBXFileReference; fileEncoding = 4; lastKnownFileType = sourcecode.c.h; path = CameraView.h; sourceTree = "<group>"; };
		8A76505E234E081D0011CAA4 /* CameraViewController.m */ = {isa = PBXFileReference; fileEncoding = 4; lastKnownFileType = sourcecode.c.objc; path = CameraViewController.m; sourceTree = "<group>"; wrapsLines = 0; };
		8A765061234E081E0011CAA4 /* ScaleSliderView.m */ = {isa = PBXFileReference; fileEncoding = 4; lastKnownFileType = sourcecode.c.objc; name = ScaleSliderView.m; path = ../ScaleSliderView.m; sourceTree = "<group>"; };
		8A765062234E081E0011CAA4 /* CameraControlsView.m */ = {isa = PBXFileReference; fileEncoding = 4; lastKnownFileType = sourcecode.c.objc; path = CameraControlsView.m; sourceTree = "<group>"; wrapsLines = 0; };
		8A765063234E081E0011CAA4 /* ScaleSliderLayer.h */ = {isa = PBXFileReference; fileEncoding = 4; lastKnownFileType = sourcecode.c.h; name = ScaleSliderLayer.h; path = ../ScaleSliderLayer.h; sourceTree = "<group>"; };
		8A765064234E081E0011CAA4 /* ScaleSliderControlView.h */ = {isa = PBXFileReference; fileEncoding = 4; lastKnownFileType = sourcecode.c.h; path = ScaleSliderControlView.h; sourceTree = "<group>"; };
		8A765068234E081E0011CAA4 /* CameraControlsView.h */ = {isa = PBXFileReference; fileEncoding = 4; lastKnownFileType = sourcecode.c.h; path = CameraControlsView.h; sourceTree = "<group>"; };
		8A765069234E081E0011CAA4 /* ScaleSliderLayer.m */ = {isa = PBXFileReference; fileEncoding = 4; lastKnownFileType = sourcecode.c.objc; name = ScaleSliderLayer.m; path = ../ScaleSliderLayer.m; sourceTree = "<group>"; };
		8A76506A234E081E0011CAA4 /* ScaleSliderView.h */ = {isa = PBXFileReference; fileEncoding = 4; lastKnownFileType = sourcecode.c.h; name = ScaleSliderView.h; path = ../ScaleSliderView.h; sourceTree = "<group>"; };
		8A76506B234E081E0011CAA4 /* ScaleSliderControlView.m */ = {isa = PBXFileReference; fileEncoding = 4; lastKnownFileType = sourcecode.c.objc; path = ScaleSliderControlView.m; sourceTree = "<group>"; };
		8A76506E234E081E0011CAA4 /* CameraViewController.h */ = {isa = PBXFileReference; fileEncoding = 4; lastKnownFileType = sourcecode.c.h; path = CameraViewController.h; sourceTree = "<group>"; };
		8A76506F234E081E0011CAA4 /* CameraView.m */ = {isa = PBXFileReference; fileEncoding = 4; lastKnownFileType = sourcecode.c.objc; path = CameraView.m; sourceTree = "<group>"; };
		8AFF40D2234E850700C3F94A /* ScaleSliderOverlayView.m */ = {isa = PBXFileReference; fileEncoding = 4; lastKnownFileType = sourcecode.c.objc; path = ScaleSliderOverlayView.m; sourceTree = "<group>"; };
		8AFF40D3234E850700C3F94A /* ScaleSliderOverlayLayer.m */ = {isa = PBXFileReference; fileEncoding = 4; lastKnownFileType = sourcecode.c.objc; path = ScaleSliderOverlayLayer.m; sourceTree = "<group>"; };
		8AFF40D4234E850700C3F94A /* ScaleSliderOverlayLayer.h */ = {isa = PBXFileReference; fileEncoding = 4; lastKnownFileType = sourcecode.c.h; path = ScaleSliderOverlayLayer.h; sourceTree = "<group>"; };
		8AFF40D5234E850700C3F94A /* ScaleSliderOverlayView.h */ = {isa = PBXFileReference; fileEncoding = 4; lastKnownFileType = sourcecode.c.h; path = ScaleSliderOverlayView.h; sourceTree = "<group>"; };
		B95FB2F22351510600337772 /* CameraPropertiesDispatcher.h */ = {isa = PBXFileReference; lastKnownFileType = sourcecode.c.h; path = CameraPropertiesDispatcher.h; sourceTree = "<group>"; };
		B95FB2F32351510600337772 /* CameraPropertiesDispatcher.m */ = {isa = PBXFileReference; lastKnownFileType = sourcecode.c.objc; path = CameraPropertiesDispatcher.m; sourceTree = "<group>"; wrapsLines = 0; };
		B993FDF023511EFF00BD24A9 /* KeyValueObserver.h */ = {isa = PBXFileReference; lastKnownFileType = sourcecode.c.h; name = KeyValueObserver.h; path = "ISOCameraLDE-B/KeyValueObserver.h"; sourceTree = "<group>"; };
		B993FDF123511EFF00BD24A9 /* KeyValueObserver.m */ = {isa = PBXFileReference; lastKnownFileType = sourcecode.c.objc; name = KeyValueObserver.m; path = "ISOCameraLDE-B/KeyValueObserver.m"; sourceTree = "<group>"; };
/* End PBXFileReference section */

/* Begin PBXFrameworksBuildPhase section */
		8A76503E234E05A10011CAA4 /* Frameworks */ = {
			isa = PBXFrameworksBuildPhase;
			buildActionMask = 2147483647;
			files = (
			);
			runOnlyForDeploymentPostprocessing = 0;
		};
/* End PBXFrameworksBuildPhase section */

/* Begin PBXGroup section */
		8A765038234E05A00011CAA4 = {
			isa = PBXGroup;
			children = (
				B993FDF023511EFF00BD24A9 /* KeyValueObserver.h */,
				B993FDF123511EFF00BD24A9 /* KeyValueObserver.m */,
				8A765043234E05A10011CAA4 /* ISOCameraLDE-B */,
				8A765042234E05A10011CAA4 /* Products */,
			);
			sourceTree = "<group>";
		};
		8A765042234E05A10011CAA4 /* Products */ = {
			isa = PBXGroup;
			children = (
				8A765041234E05A10011CAA4 /* ISOCameraLDE-B.app */,
			);
			name = Products;
			sourceTree = "<group>";
		};
		8A765043234E05A10011CAA4 /* ISOCameraLDE-B */ = {
			isa = PBXGroup;
			children = (
				8A76506E234E081E0011CAA4 /* CameraViewController.h */,
				8A76505E234E081D0011CAA4 /* CameraViewController.m */,
				8A76505D234E081D0011CAA4 /* CameraView.h */,
				8A76506F234E081E0011CAA4 /* CameraView.m */,
				8A76505F234E081E0011CAA4 /* Camera Controls */,
				8A765044234E05A10011CAA4 /* AppDelegate.h */,
				8A765045234E05A10011CAA4 /* AppDelegate.m */,
				8A765047234E05A10011CAA4 /* SceneDelegate.h */,
				8A765048234E05A10011CAA4 /* SceneDelegate.m */,
				8A76504D234E05A10011CAA4 /* Main.storyboard */,
				8A765050234E05AC0011CAA4 /* Assets.xcassets */,
				8A765052234E05AC0011CAA4 /* LaunchScreen.storyboard */,
				8A765055234E05AC0011CAA4 /* Info.plist */,
				8A765056234E05AC0011CAA4 /* main.m */,
			);
			path = "ISOCameraLDE-B";
			sourceTree = "<group>";
		};
		8A76505F234E081E0011CAA4 /* Camera Controls */ = {
			isa = PBXGroup;
			children = (
				8A765068234E081E0011CAA4 /* CameraControlsView.h */,
				8A765062234E081E0011CAA4 /* CameraControlsView.m */,
				8A765064234E081E0011CAA4 /* ScaleSliderControlView.h */,
				8A76506B234E081E0011CAA4 /* ScaleSliderControlView.m */,
				8A76507C234E83910011CAA4 /* ScaleSlider */,
				8A76507B234E81CF0011CAA4 /* ScaleSliderOverlay */,
				B95FB2F22351510600337772 /* CameraPropertiesDispatcher.h */,
				B95FB2F32351510600337772 /* CameraPropertiesDispatcher.m */,
			);
			path = "Camera Controls";
			sourceTree = "<group>";
		};
		8A76507B234E81CF0011CAA4 /* ScaleSliderOverlay */ = {
			isa = PBXGroup;
			children = (
				8AFF40D5234E850700C3F94A /* ScaleSliderOverlayView.h */,
				8AFF40D2234E850700C3F94A /* ScaleSliderOverlayView.m */,
				8AFF40D4234E850700C3F94A /* ScaleSliderOverlayLayer.h */,
				8AFF40D3234E850700C3F94A /* ScaleSliderOverlayLayer.m */,
			);
			path = ScaleSliderOverlay;
			sourceTree = "<group>";
		};
		8A76507C234E83910011CAA4 /* ScaleSlider */ = {
			isa = PBXGroup;
			children = (
				8A76506A234E081E0011CAA4 /* ScaleSliderView.h */,
				8A765061234E081E0011CAA4 /* ScaleSliderView.m */,
				8A765063234E081E0011CAA4 /* ScaleSliderLayer.h */,
				8A765069234E081E0011CAA4 /* ScaleSliderLayer.m */,
			);
			path = ScaleSlider;
			sourceTree = "<group>";
		};
/* End PBXGroup section */

/* Begin PBXNativeTarget section */
		8A765040234E05A10011CAA4 /* ISOCameraLDE-B */ = {
			isa = PBXNativeTarget;
			buildConfigurationList = 8A76505A234E05AC0011CAA4 /* Build configuration list for PBXNativeTarget "ISOCameraLDE-B" */;
			buildPhases = (
				8A76503D234E05A10011CAA4 /* Sources */,
				8A76503E234E05A10011CAA4 /* Frameworks */,
				8A76503F234E05A10011CAA4 /* Resources */,
			);
			buildRules = (
			);
			dependencies = (
			);
			name = "ISOCameraLDE-B";
			productName = "ISOCameraLDE-B";
			productReference = 8A765041234E05A10011CAA4 /* ISOCameraLDE-B.app */;
			productType = "com.apple.product-type.application";
		};
/* End PBXNativeTarget section */

/* Begin PBXProject section */
		8A765039234E05A00011CAA4 /* Project object */ = {
			isa = PBXProject;
			attributes = {
				LastUpgradeCheck = 1110;
				ORGANIZATIONNAME = "James Bush";
				TargetAttributes = {
					8A765040234E05A10011CAA4 = {
						CreatedOnToolsVersion = 11.1;
					};
				};
			};
			buildConfigurationList = 8A76503C234E05A00011CAA4 /* Build configuration list for PBXProject "ISOCameraLDE-B" */;
			compatibilityVersion = "Xcode 10.0";
			developmentRegion = en;
			hasScannedForEncodings = 0;
			knownRegions = (
				en,
				Base,
			);
			mainGroup = 8A765038234E05A00011CAA4;
			productRefGroup = 8A765042234E05A10011CAA4 /* Products */;
			projectDirPath = "";
			projectRoot = "";
			targets = (
				8A765040234E05A10011CAA4 /* ISOCameraLDE-B */,
			);
		};
/* End PBXProject section */

/* Begin PBXResourcesBuildPhase section */
		8A76503F234E05A10011CAA4 /* Resources */ = {
			isa = PBXResourcesBuildPhase;
			buildActionMask = 2147483647;
			files = (
				8A765054234E05AC0011CAA4 /* LaunchScreen.storyboard in Resources */,
				8A765051234E05AC0011CAA4 /* Assets.xcassets in Resources */,
				8A76504F234E05A10011CAA4 /* Main.storyboard in Resources */,
			);
			runOnlyForDeploymentPostprocessing = 0;
		};
/* End PBXResourcesBuildPhase section */

/* Begin PBXSourcesBuildPhase section */
		8A76503D234E05A10011CAA4 /* Sources */ = {
			isa = PBXSourcesBuildPhase;
			buildActionMask = 2147483647;
			files = (
				B95FB2F42351510600337772 /* CameraPropertiesDispatcher.m in Sources */,
				8A765072234E081E0011CAA4 /* CameraControlsView.m in Sources */,
				8A765070234E081E0011CAA4 /* CameraViewController.m in Sources */,
				8AFF40D7234E850700C3F94A /* ScaleSliderOverlayLayer.m in Sources */,
				8A765076234E081E0011CAA4 /* ScaleSliderLayer.m in Sources */,
				8A765046234E05A10011CAA4 /* AppDelegate.m in Sources */,
				8A765057234E05AC0011CAA4 /* main.m in Sources */,
				8AFF40D6234E850700C3F94A /* ScaleSliderOverlayView.m in Sources */,
				B993FDF223511EFF00BD24A9 /* KeyValueObserver.m in Sources */,
				8A765078234E081E0011CAA4 /* CameraView.m in Sources */,
				8A765071234E081E0011CAA4 /* ScaleSliderView.m in Sources */,
				8A765077234E081E0011CAA4 /* ScaleSliderControlView.m in Sources */,
				8A765049234E05A10011CAA4 /* SceneDelegate.m in Sources */,
			);
			runOnlyForDeploymentPostprocessing = 0;
		};
/* End PBXSourcesBuildPhase section */

/* Begin PBXVariantGroup section */
		8A76504D234E05A10011CAA4 /* Main.storyboard */ = {
			isa = PBXVariantGroup;
			children = (
				8A76504E234E05A10011CAA4 /* Base */,
			);
			name = Main.storyboard;
			sourceTree = "<group>";
		};
		8A765052234E05AC0011CAA4 /* LaunchScreen.storyboard */ = {
			isa = PBXVariantGroup;
			children = (
				8A765053234E05AC0011CAA4 /* Base */,
			);
			name = LaunchScreen.storyboard;
			sourceTree = "<group>";
		};
/* End PBXVariantGroup section */

/* Begin XCBuildConfiguration section */
		8A765058234E05AC0011CAA4 /* Debug */ = {
			isa = XCBuildConfiguration;
			buildSettings = {
				ALWAYS_SEARCH_USER_PATHS = NO;
				CLANG_ANALYZER_NONNULL = YES;
				CLANG_ANALYZER_NUMBER_OBJECT_CONVERSION = YES_AGGRESSIVE;
				CLANG_CXX_LANGUAGE_STANDARD = "gnu++14";
				CLANG_CXX_LIBRARY = "libc++";
				CLANG_ENABLE_MODULES = YES;
				CLANG_ENABLE_OBJC_ARC = YES;
				CLANG_ENABLE_OBJC_WEAK = YES;
				CLANG_WARN_BLOCK_CAPTURE_AUTORELEASING = YES;
				CLANG_WARN_BOOL_CONVERSION = YES;
				CLANG_WARN_COMMA = YES;
				CLANG_WARN_CONSTANT_CONVERSION = YES;
				CLANG_WARN_DEPRECATED_OBJC_IMPLEMENTATIONS = YES;
				CLANG_WARN_DIRECT_OBJC_ISA_USAGE = YES_ERROR;
				CLANG_WARN_DOCUMENTATION_COMMENTS = YES;
				CLANG_WARN_EMPTY_BODY = YES;
				CLANG_WARN_ENUM_CONVERSION = YES;
				CLANG_WARN_INFINITE_RECURSION = YES;
				CLANG_WARN_INT_CONVERSION = YES;
				CLANG_WARN_NON_LITERAL_NULL_CONVERSION = YES;
				CLANG_WARN_OBJC_IMPLICIT_RETAIN_SELF = YES;
				CLANG_WARN_OBJC_LITERAL_CONVERSION = YES;
				CLANG_WARN_OBJC_ROOT_CLASS = YES_ERROR;
				CLANG_WARN_RANGE_LOOP_ANALYSIS = YES;
				CLANG_WARN_STRICT_PROTOTYPES = YES;
				CLANG_WARN_SUSPICIOUS_MOVE = YES;
				CLANG_WARN_UNGUARDED_AVAILABILITY = YES_AGGRESSIVE;
				CLANG_WARN_UNREACHABLE_CODE = YES;
				CLANG_WARN__DUPLICATE_METHOD_MATCH = YES;
				COPY_PHASE_STRIP = NO;
				DEBUG_INFORMATION_FORMAT = dwarf;
				ENABLE_STRICT_OBJC_MSGSEND = YES;
				ENABLE_TESTABILITY = YES;
				GCC_C_LANGUAGE_STANDARD = gnu11;
				GCC_DYNAMIC_NO_PIC = NO;
				GCC_NO_COMMON_BLOCKS = YES;
				GCC_OPTIMIZATION_LEVEL = 0;
				GCC_PREPROCESSOR_DEFINITIONS = (
					"DEBUG=1",
					"$(inherited)",
				);
				GCC_WARN_64_TO_32_BIT_CONVERSION = YES;
				GCC_WARN_ABOUT_RETURN_TYPE = YES_ERROR;
				GCC_WARN_UNDECLARED_SELECTOR = YES;
				GCC_WARN_UNINITIALIZED_AUTOS = YES_AGGRESSIVE;
				GCC_WARN_UNUSED_FUNCTION = YES;
				GCC_WARN_UNUSED_VARIABLE = YES;
				IPHONEOS_DEPLOYMENT_TARGET = 13.1;
				MTL_ENABLE_DEBUG_INFO = INCLUDE_SOURCE;
				MTL_FAST_MATH = YES;
				ONLY_ACTIVE_ARCH = YES;
				SDKROOT = iphoneos;
			};
			name = Debug;
		};
		8A765059234E05AC0011CAA4 /* Release */ = {
			isa = XCBuildConfiguration;
			buildSettings = {
				ALWAYS_SEARCH_USER_PATHS = NO;
				CLANG_ANALYZER_NONNULL = YES;
				CLANG_ANALYZER_NUMBER_OBJECT_CONVERSION = YES_AGGRESSIVE;
				CLANG_CXX_LANGUAGE_STANDARD = "gnu++14";
				CLANG_CXX_LIBRARY = "libc++";
				CLANG_ENABLE_MODULES = YES;
				CLANG_ENABLE_OBJC_ARC = YES;
				CLANG_ENABLE_OBJC_WEAK = YES;
				CLANG_WARN_BLOCK_CAPTURE_AUTORELEASING = YES;
				CLANG_WARN_BOOL_CONVERSION = YES;
				CLANG_WARN_COMMA = YES;
				CLANG_WARN_CONSTANT_CONVERSION = YES;
				CLANG_WARN_DEPRECATED_OBJC_IMPLEMENTATIONS = YES;
				CLANG_WARN_DIRECT_OBJC_ISA_USAGE = YES_ERROR;
				CLANG_WARN_DOCUMENTATION_COMMENTS = YES;
				CLANG_WARN_EMPTY_BODY = YES;
				CLANG_WARN_ENUM_CONVERSION = YES;
				CLANG_WARN_INFINITE_RECURSION = YES;
				CLANG_WARN_INT_CONVERSION = YES;
				CLANG_WARN_NON_LITERAL_NULL_CONVERSION = YES;
				CLANG_WARN_OBJC_IMPLICIT_RETAIN_SELF = YES;
				CLANG_WARN_OBJC_LITERAL_CONVERSION = YES;
				CLANG_WARN_OBJC_ROOT_CLASS = YES_ERROR;
				CLANG_WARN_RANGE_LOOP_ANALYSIS = YES;
				CLANG_WARN_STRICT_PROTOTYPES = YES;
				CLANG_WARN_SUSPICIOUS_MOVE = YES;
				CLANG_WARN_UNGUARDED_AVAILABILITY = YES_AGGRESSIVE;
				CLANG_WARN_UNREACHABLE_CODE = YES;
				CLANG_WARN__DUPLICATE_METHOD_MATCH = YES;
				COPY_PHASE_STRIP = NO;
				DEBUG_INFORMATION_FORMAT = "dwarf-with-dsym";
				ENABLE_NS_ASSERTIONS = NO;
				ENABLE_STRICT_OBJC_MSGSEND = YES;
				GCC_C_LANGUAGE_STANDARD = gnu11;
				GCC_NO_COMMON_BLOCKS = YES;
				GCC_WARN_64_TO_32_BIT_CONVERSION = YES;
				GCC_WARN_ABOUT_RETURN_TYPE = YES_ERROR;
				GCC_WARN_UNDECLARED_SELECTOR = YES;
				GCC_WARN_UNINITIALIZED_AUTOS = YES_AGGRESSIVE;
				GCC_WARN_UNUSED_FUNCTION = YES;
				GCC_WARN_UNUSED_VARIABLE = YES;
				IPHONEOS_DEPLOYMENT_TARGET = 13.1;
				MTL_ENABLE_DEBUG_INFO = NO;
				MTL_FAST_MATH = YES;
				SDKROOT = iphoneos;
				VALIDATE_PRODUCT = YES;
			};
			name = Release;
		};
		8A76505B234E05AC0011CAA4 /* Debug */ = {
			isa = XCBuildConfiguration;
			buildSettings = {
				ASSETCATALOG_COMPILER_APPICON_NAME = AppIcon;
				CODE_SIGN_STYLE = Automatic;
				DEVELOPMENT_TEAM = N9987K9442;
				INFOPLIST_FILE = "ISOCameraLDE-B/Info.plist";
				LD_RUNPATH_SEARCH_PATHS = (
					"$(inherited)",
					"@executable_path/Frameworks",
				);
				PRODUCT_BUNDLE_IDENTIFIER = "com.blogspot.demonicactivity.bush.alan.james.JABPlanetaryHourWatch.ISOCameraLDE-B";
				PRODUCT_NAME = "$(TARGET_NAME)";
				TARGETED_DEVICE_FAMILY = "1,2";
			};
			name = Debug;
		};
		8A76505C234E05AC0011CAA4 /* Release */ = {
			isa = XCBuildConfiguration;
			buildSettings = {
				ASSETCATALOG_COMPILER_APPICON_NAME = AppIcon;
				CODE_SIGN_STYLE = Automatic;
				DEVELOPMENT_TEAM = N9987K9442;
				INFOPLIST_FILE = "ISOCameraLDE-B/Info.plist";
				LD_RUNPATH_SEARCH_PATHS = (
					"$(inherited)",
					"@executable_path/Frameworks",
				);
				PRODUCT_BUNDLE_IDENTIFIER = "com.blogspot.demonicactivity.bush.alan.james.JABPlanetaryHourWatch.ISOCameraLDE-B";
				PRODUCT_NAME = "$(TARGET_NAME)";
				TARGETED_DEVICE_FAMILY = "1,2";
			};
			name = Release;
		};
/* End XCBuildConfiguration section */

/* Begin XCConfigurationList section */
		8A76503C234E05A00011CAA4 /* Build configuration list for PBXProject "ISOCameraLDE-B" */ = {
			isa = XCConfigurationList;
			buildConfigurations = (
				8A765058234E05AC0011CAA4 /* Debug */,
				8A765059234E05AC0011CAA4 /* Release */,
			);
			defaultConfigurationIsVisible = 0;
			defaultConfigurationName = Release;
		};
		8A76505A234E05AC0011CAA4 /* Build configuration list for PBXNativeTarget "ISOCameraLDE-B" */ = {
			isa = XCConfigurationList;
			buildConfigurations = (
				8A76505B234E05AC0011CAA4 /* Debug */,
				8A76505C234E05AC0011CAA4 /* Release */,
			);
			defaultConfigurationIsVisible = 0;
			defaultConfigurationName = Release;
		};
/* End XCConfigurationList section */
	};
	rootObject = 8A765039234E05A00011CAA4 /* Project object */;
}
